<?xml version="1.0" encoding="utf-8"?>
<Project ToolsVersion="4.0" xmlns="http://schemas.microsoft.com/developer/msbuild/2003">
  <ItemGroup>
    <Filter Include="Source Files">
      <UniqueIdentifier>{4FC737F1-C7A5-4376-A066-2A32D752A2FF}</UniqueIdentifier>
      <Extensions>cpp;c;cc;cxx;c++;cppm;ixx;def;odl;idl;hpj;bat;asm;asmx</Extensions>
    </Filter>
    <Filter Include="Header Files">
      <UniqueIdentifier>{93995380-89BD-4b04-88EB-625FBE52EBFB}</UniqueIdentifier>
      <Extensions>h;hh;hpp;hxx;h++;hm;inl;inc;ipp;xsd</Extensions>
    </Filter>
    <Filter Include="Resource Files">
      <UniqueIdentifier>{67DA6AB6-F800-4c08-8B7A-83BB121AAD01}</UniqueIdentifier>
      <Extensions>rc;ico;cur;bmp;dlg;rc2;rct;bin;rgs;gif;jpg;jpeg;jpe;resx;tiff;tif;png;wav;mfcribbon-ms</Extensions>
    </Filter>
    <Filter Include="Header Files\Constants">
      <UniqueIdentifier>{3bb9368b-d1b1-4803-9562-dcb2f06ca99a}</UniqueIdentifier>
    </Filter>
    <Filter Include="Header Files\Util">
      <UniqueIdentifier>{21ee0b9a-e1c5-4c19-8e13-1f7c82b7d63f}</UniqueIdentifier>
    </Filter>
    <Filter Include="Header Files\Websocket">
      <UniqueIdentifier>{73503fa6-ff87-468a-833d-3d0701f75b0d}</UniqueIdentifier>
    </Filter>
  </ItemGroup>
  <ItemGroup>
    <ClInclude Include="framework.h">
      <Filter>Header Files</Filter>
    </ClInclude>
    <ClInclude Include="OSHConnect.h">
      <Filter>Header Files</Filter>
    </ClInclude>
    <ClInclude Include="NodeManager.h">
      <Filter>Header Files</Filter>
    </ClInclude>
    <ClInclude Include="OSHNode.h">
      <Filter>Header Files</Filter>
    </ClInclude>
    <ClInclude Include="Constants\Service.h">
      <Filter>Header Files\Constants</Filter>
    </ClInclude>
    <ClInclude Include="Util\Utilities.h">
      <Filter>Header Files\Util</Filter>
    </ClInclude>
    <ClInclude Include="OSHSystem.h">
      <Filter>Header Files</Filter>
    </ClInclude>
    <ClInclude Include="OSHDataStream.h">
      <Filter>Header Files</Filter>
    </ClInclude>
    <ClInclude Include="Constants\RequestFormat.h">
      <Filter>Header Files\Constants</Filter>
    </ClInclude>
    <ClInclude Include="Util\QueryStringBuilder.h">
      <Filter>Header Files\Util</Filter>
    </ClInclude>
    <ClInclude Include="Websocket\StreamListener.h">
      <Filter>Header Files\Websocket</Filter>
    </ClInclude>
    <ClInclude Include="Websocket\StreamEventArgs.h">
      <Filter>Header Files\Websocket</Filter>
    </ClInclude>
    <ClInclude Include="Websocket\StreamHandler.h">
      <Filter>Header Files\Websocket</Filter>
    </ClInclude>
    <ClInclude Include="Websocket\StreamStatus.h">
      <Filter>Header Files\Websocket</Filter>
    </ClInclude>
    <ClInclude Include="StreamManager.h">
      <Filter>Header Files</Filter>
    </ClInclude>
  </ItemGroup>
  <ItemGroup>
    <ClCompile Include="OSHConnect.cpp">
      <Filter>Source Files</Filter>
    </ClCompile>
  </ItemGroup>
  <ItemGroup>
    <None Include="vcpkg.json" />
  </ItemGroup>
</Project>